
Microsoft Visual Studio Solution File, Format Version 12.00
# Visual Studio Version 17
VisualStudioVersion = 17.7.34024.191
MinimumVisualStudioVersion = 10.0.40219.1
Project("{FAE04EC0-301F-11D3-BF4B-00C04F79EFBC}") = "L12VAUM1007322", "L12VAUM1007322.csproj", "{9B7100FB-EF76-4D1C-97D1-29F817366982}"
EndProject
Global
	GlobalSection(SolutionConfigurationPlatforms) = preSolution
		Debug|Any CPU = Debug|Any CPU
		Release|Any CPU = Release|Any CPU
	EndGlobalSection
	GlobalSection(ProjectConfigurationPlatforms) = postSolution
		{9B7100FB-EF76-4D1C-97D1-29F817366982}.Debug|Any CPU.ActiveCfg = Debug|Any CPU
		{9B7100FB-EF76-4D1C-97D1-29F817366982}.Debug|Any CPU.Build.0 = Debug|Any CPU
		{9B7100FB-EF76-4D1C-97D1-29F817366982}.Release|Any CPU.ActiveCfg = Release|Any CPU
		{9B7100FB-EF76-4D1C-97D1-29F817366982}.Release|Any CPU.Build.0 = Release|Any CPU
	EndGlobalSection
	GlobalSection(SolutionProperties) = preSolution
		HideSolutionNode = FALSE
	EndGlobalSection
	GlobalSection(ExtensibilityGlobals) = postSolution
		SolutionGuid = {DC46658F-5DB9-485B-9C31-6E0345C98D9B}
	EndGlobalSection
EndGlobal
