
Microsoft Visual Studio Solution File, Format Version 12.00
# Visual Studio Version 17
VisualStudioVersion = 17.7.34024.191
MinimumVisualStudioVersion = 10.0.40219.1
Project("{FAE04EC0-301F-11D3-BF4B-00C04F79EFBC}") = "L8VAUM1007322", "L8VAUM1007322.csproj", "{4401B95C-CB04-41D8-9AE0-47695D9ACAC0}"
EndProject
Global
	GlobalSection(SolutionConfigurationPlatforms) = preSolution
		Debug|Any CPU = Debug|Any CPU
		Release|Any CPU = Release|Any CPU
	EndGlobalSection
	GlobalSection(ProjectConfigurationPlatforms) = postSolution
		{4401B95C-CB04-41D8-9AE0-47695D9ACAC0}.Debug|Any CPU.ActiveCfg = Debug|Any CPU
		{4401B95C-CB04-41D8-9AE0-47695D9ACAC0}.Debug|Any CPU.Build.0 = Debug|Any CPU
		{4401B95C-CB04-41D8-9AE0-47695D9ACAC0}.Release|Any CPU.ActiveCfg = Release|Any CPU
		{4401B95C-CB04-41D8-9AE0-47695D9ACAC0}.Release|Any CPU.Build.0 = Release|Any CPU
	EndGlobalSection
	GlobalSection(SolutionProperties) = preSolution
		HideSolutionNode = FALSE
	EndGlobalSection
	GlobalSection(ExtensibilityGlobals) = postSolution
		SolutionGuid = {65CB83B9-7A64-4D26-BEB0-024FE2B1AC1E}
	EndGlobalSection
EndGlobal
